
Microsoft Visual Studio Solution File, Format Version 12.00
# Visual Studio Version 16
VisualStudioVersion = 16.0.30114.105
MinimumVisualStudioVersion = 10.0.40219.1
Project("{2150E333-8FDC-42A3-9474-1A3956D46DE8}") = "src", "src", "{11189388-1C21-49B7-B232-A35714953484}"
EndProject
Project("{2150E333-8FDC-42A3-9474-1A3956D46DE8}") = "test", "test", "{86F79F6F-A241-4878-B7B1-0855AB3A1787}"
EndProject
Project("{9A19103F-16F7-4668-BE54-9A1E7A4F7556}") = "Blockfrost.Api", "src\Blockfrost.Api\Blockfrost.Api.csproj", "{2A568A67-4911-4BFD-B112-1B09253B42F1}"
EndProject
Project("{9A19103F-16F7-4668-BE54-9A1E7A4F7556}") = "Blockfrost.Api.Tests", "test\Blockfrost.Api.Tests\Blockfrost.Api.Tests.csproj", "{80E9918A-8CF7-4B47-8F05-72CE7E97A80C}"
EndProject
Project("{2150E333-8FDC-42A3-9474-1A3956D46DE8}") = "Solution Items", "Solution Items", "{7715B8ED-C263-4F2C-B7E7-BFBA48AD693C}"
	ProjectSection(SolutionItems) = preProject
		.gitignore = .gitignore
		LICENSE = LICENSE
		README.md = README.md
	EndProjectSection
EndProject
Project("{9A19103F-16F7-4668-BE54-9A1E7A4F7556}") = "Blockfrost.ConsoleTool", "src\Blockfrost.ConsoleTool\Blockfrost.ConsoleTool.csproj", "{E83379B1-4BDD-48C9-965B-06B017C7DEA2}"
EndProject
Project("{9A19103F-16F7-4668-BE54-9A1E7A4F7556}") = "Blockfrost.Cli.Tests", "test\Blockfrost.Cli.Tests\Blockfrost.Cli.Tests.csproj", "{8835EBF6-45C1-4814-9A85-992759C09014}"
EndProject
Project("{2150E333-8FDC-42A3-9474-1A3956D46DE8}") = "oas", "oas", "{3938A33D-C902-48DD-BDF0-8DCD9BC39F54}"
EndProject
Project("{2150E333-8FDC-42A3-9474-1A3956D46DE8}") = "0.1.25", "0.1.25", "{221B3B37-ACFB-4C04-9CA8-A83CB9DC1DA7}"
	ProjectSection(SolutionItems) = preProject
		oas\0.1.25\swagger.json = oas\0.1.25\swagger.json
	EndProjectSection
EndProject
Project("{2150E333-8FDC-42A3-9474-1A3956D46DE8}") = "0.1.26", "0.1.26", "{73EDDACC-3254-4E15-8EC3-508385E8F6CF}"
	ProjectSection(SolutionItems) = preProject
		oas\0.1.26\swagger.json = oas\0.1.26\swagger.json
	EndProjectSection
EndProject
Project("{2150E333-8FDC-42A3-9474-1A3956D46DE8}") = "samples", "samples", "{00DB2280-45C9-4AFB-8E3B-9888D24B9484}"
EndProject
Project("{FAE04EC0-301F-11D3-BF4B-00C04F79EFBC}") = "ConsoleApp", "samples\net46\console\ConsoleApp\ConsoleApp.csproj", "{747B55AD-B517-4AEA-AE50-B170B75F6366}"
EndProject
Project("{2150E333-8FDC-42A3-9474-1A3956D46DE8}") = "net46", "net46", "{EE7C0799-6966-4799-B3EC-BC410CDCA94B}"
EndProject
Project("{2150E333-8FDC-42A3-9474-1A3956D46DE8}") = "console", "console", "{686AEDB1-C198-41F0-8051-6325B01ECBC8}"
EndProject
Project("{2150E333-8FDC-42A3-9474-1A3956D46DE8}") = "netcore21", "netcore21", "{AD218183-E250-44E8-91F3-00F26CB01A8B}"
EndProject
Project("{2150E333-8FDC-42A3-9474-1A3956D46DE8}") = "console", "console", "{961981AD-4CFC-4EDC-9F4A-A9B6E2B869C8}"
EndProject
Project("{9A19103F-16F7-4668-BE54-9A1E7A4F7556}") = "ConsoleApp1", "samples\netcore21\console\ConsoleApp1\ConsoleApp1.csproj", "{FFD49991-EC29-48F3-9400-6260B19A26D9}"
EndProject
Project("{2150E333-8FDC-42A3-9474-1A3956D46DE8}") = "netstandard20", "netstandard20", "{2AFA0E76-6531-4E86-B7CE-104BB6740780}"
EndProject
Project("{2150E333-8FDC-42A3-9474-1A3956D46DE8}") = "lib", "lib", "{4ABA51FB-FD09-4321-AE88-6EC5713501F0}"
EndProject
Project("{9A19103F-16F7-4668-BE54-9A1E7A4F7556}") = "console", "samples\netstandard20\lib\console.csproj", "{DD4839C3-2021-43D5-ADA5-3894E0694FF1}"
EndProject
Project("{2150E333-8FDC-42A3-9474-1A3956D46DE8}") = "netcore31", "netcore31", "{63CDC92C-A580-47BF-82A0-5939131C1705}"
EndProject
Project("{2150E333-8FDC-42A3-9474-1A3956D46DE8}") = "console", "console", "{83D64D0A-CECF-414C-87D0-F25B7D10A169}"
EndProject
Project("{9A19103F-16F7-4668-BE54-9A1E7A4F7556}") = "ConsoleApp1", "samples\netcore31\console\ConsoleApp1\ConsoleApp1.csproj", "{F92DC4E5-5F8E-4AF0-88A4-A535F07E4A50}"
EndProject
Global
	GlobalSection(SolutionConfigurationPlatforms) = preSolution
		Debug|Any CPU = Debug|Any CPU
		Debug|x64 = Debug|x64
		Debug|x86 = Debug|x86
		Release|Any CPU = Release|Any CPU
		Release|x64 = Release|x64
		Release|x86 = Release|x86
	EndGlobalSection
	GlobalSection(ProjectConfigurationPlatforms) = postSolution
		{2A568A67-4911-4BFD-B112-1B09253B42F1}.Debug|Any CPU.ActiveCfg = Debug|Any CPU
		{2A568A67-4911-4BFD-B112-1B09253B42F1}.Debug|Any CPU.Build.0 = Debug|Any CPU
		{2A568A67-4911-4BFD-B112-1B09253B42F1}.Debug|x64.ActiveCfg = Debug|Any CPU
		{2A568A67-4911-4BFD-B112-1B09253B42F1}.Debug|x64.Build.0 = Debug|Any CPU
		{2A568A67-4911-4BFD-B112-1B09253B42F1}.Debug|x86.ActiveCfg = Debug|Any CPU
		{2A568A67-4911-4BFD-B112-1B09253B42F1}.Debug|x86.Build.0 = Debug|Any CPU
		{2A568A67-4911-4BFD-B112-1B09253B42F1}.Release|Any CPU.ActiveCfg = Release|Any CPU
		{2A568A67-4911-4BFD-B112-1B09253B42F1}.Release|Any CPU.Build.0 = Release|Any CPU
		{2A568A67-4911-4BFD-B112-1B09253B42F1}.Release|x64.ActiveCfg = Release|Any CPU
		{2A568A67-4911-4BFD-B112-1B09253B42F1}.Release|x64.Build.0 = Release|Any CPU
		{2A568A67-4911-4BFD-B112-1B09253B42F1}.Release|x86.ActiveCfg = Release|Any CPU
		{2A568A67-4911-4BFD-B112-1B09253B42F1}.Release|x86.Build.0 = Release|Any CPU
		{80E9918A-8CF7-4B47-8F05-72CE7E97A80C}.Debug|Any CPU.ActiveCfg = Debug|Any CPU
		{80E9918A-8CF7-4B47-8F05-72CE7E97A80C}.Debug|Any CPU.Build.0 = Debug|Any CPU
		{80E9918A-8CF7-4B47-8F05-72CE7E97A80C}.Debug|x64.ActiveCfg = Debug|Any CPU
		{80E9918A-8CF7-4B47-8F05-72CE7E97A80C}.Debug|x64.Build.0 = Debug|Any CPU
		{80E9918A-8CF7-4B47-8F05-72CE7E97A80C}.Debug|x86.ActiveCfg = Debug|Any CPU
		{80E9918A-8CF7-4B47-8F05-72CE7E97A80C}.Debug|x86.Build.0 = Debug|Any CPU
		{80E9918A-8CF7-4B47-8F05-72CE7E97A80C}.Release|Any CPU.ActiveCfg = Release|Any CPU
		{80E9918A-8CF7-4B47-8F05-72CE7E97A80C}.Release|Any CPU.Build.0 = Release|Any CPU
		{80E9918A-8CF7-4B47-8F05-72CE7E97A80C}.Release|x64.ActiveCfg = Release|Any CPU
		{80E9918A-8CF7-4B47-8F05-72CE7E97A80C}.Release|x64.Build.0 = Release|Any CPU
		{80E9918A-8CF7-4B47-8F05-72CE7E97A80C}.Release|x86.ActiveCfg = Release|Any CPU
		{80E9918A-8CF7-4B47-8F05-72CE7E97A80C}.Release|x86.Build.0 = Release|Any CPU
		{E83379B1-4BDD-48C9-965B-06B017C7DEA2}.Debug|Any CPU.ActiveCfg = Debug|Any CPU
		{E83379B1-4BDD-48C9-965B-06B017C7DEA2}.Debug|Any CPU.Build.0 = Debug|Any CPU
		{E83379B1-4BDD-48C9-965B-06B017C7DEA2}.Debug|x64.ActiveCfg = Debug|Any CPU
		{E83379B1-4BDD-48C9-965B-06B017C7DEA2}.Debug|x64.Build.0 = Debug|Any CPU
		{E83379B1-4BDD-48C9-965B-06B017C7DEA2}.Debug|x86.ActiveCfg = Debug|Any CPU
		{E83379B1-4BDD-48C9-965B-06B017C7DEA2}.Debug|x86.Build.0 = Debug|Any CPU
		{E83379B1-4BDD-48C9-965B-06B017C7DEA2}.Release|Any CPU.ActiveCfg = Release|Any CPU
		{E83379B1-4BDD-48C9-965B-06B017C7DEA2}.Release|Any CPU.Build.0 = Release|Any CPU
		{E83379B1-4BDD-48C9-965B-06B017C7DEA2}.Release|x64.ActiveCfg = Release|Any CPU
		{E83379B1-4BDD-48C9-965B-06B017C7DEA2}.Release|x64.Build.0 = Release|Any CPU
		{E83379B1-4BDD-48C9-965B-06B017C7DEA2}.Release|x86.ActiveCfg = Release|Any CPU
		{E83379B1-4BDD-48C9-965B-06B017C7DEA2}.Release|x86.Build.0 = Release|Any CPU
		{8835EBF6-45C1-4814-9A85-992759C09014}.Debug|Any CPU.ActiveCfg = Debug|Any CPU
		{8835EBF6-45C1-4814-9A85-992759C09014}.Debug|Any CPU.Build.0 = Debug|Any CPU
		{8835EBF6-45C1-4814-9A85-992759C09014}.Debug|x64.ActiveCfg = Debug|Any CPU
		{8835EBF6-45C1-4814-9A85-992759C09014}.Debug|x64.Build.0 = Debug|Any CPU
		{8835EBF6-45C1-4814-9A85-992759C09014}.Debug|x86.ActiveCfg = Debug|Any CPU
		{8835EBF6-45C1-4814-9A85-992759C09014}.Debug|x86.Build.0 = Debug|Any CPU
		{8835EBF6-45C1-4814-9A85-992759C09014}.Release|Any CPU.ActiveCfg = Release|Any CPU
		{8835EBF6-45C1-4814-9A85-992759C09014}.Release|Any CPU.Build.0 = Release|Any CPU
		{8835EBF6-45C1-4814-9A85-992759C09014}.Release|x64.ActiveCfg = Release|Any CPU
		{8835EBF6-45C1-4814-9A85-992759C09014}.Release|x64.Build.0 = Release|Any CPU
		{8835EBF6-45C1-4814-9A85-992759C09014}.Release|x86.ActiveCfg = Release|Any CPU
		{8835EBF6-45C1-4814-9A85-992759C09014}.Release|x86.Build.0 = Release|Any CPU
		{747B55AD-B517-4AEA-AE50-B170B75F6366}.Debug|Any CPU.ActiveCfg = Debug|Any CPU
		{747B55AD-B517-4AEA-AE50-B170B75F6366}.Debug|Any CPU.Build.0 = Debug|Any CPU
		{747B55AD-B517-4AEA-AE50-B170B75F6366}.Debug|x64.ActiveCfg = Debug|Any CPU
		{747B55AD-B517-4AEA-AE50-B170B75F6366}.Debug|x64.Build.0 = Debug|Any CPU
		{747B55AD-B517-4AEA-AE50-B170B75F6366}.Debug|x86.ActiveCfg = Debug|Any CPU
		{747B55AD-B517-4AEA-AE50-B170B75F6366}.Debug|x86.Build.0 = Debug|Any CPU
		{747B55AD-B517-4AEA-AE50-B170B75F6366}.Release|Any CPU.ActiveCfg = Release|Any CPU
		{747B55AD-B517-4AEA-AE50-B170B75F6366}.Release|Any CPU.Build.0 = Release|Any CPU
		{747B55AD-B517-4AEA-AE50-B170B75F6366}.Release|x64.ActiveCfg = Release|Any CPU
		{747B55AD-B517-4AEA-AE50-B170B75F6366}.Release|x64.Build.0 = Release|Any CPU
		{747B55AD-B517-4AEA-AE50-B170B75F6366}.Release|x86.ActiveCfg = Release|Any CPU
		{747B55AD-B517-4AEA-AE50-B170B75F6366}.Release|x86.Build.0 = Release|Any CPU
		{FFD49991-EC29-48F3-9400-6260B19A26D9}.Debug|Any CPU.ActiveCfg = Debug|Any CPU
		{FFD49991-EC29-48F3-9400-6260B19A26D9}.Debug|Any CPU.Build.0 = Debug|Any CPU
		{FFD49991-EC29-48F3-9400-6260B19A26D9}.Debug|x64.ActiveCfg = Debug|Any CPU
		{FFD49991-EC29-48F3-9400-6260B19A26D9}.Debug|x64.Build.0 = Debug|Any CPU
		{FFD49991-EC29-48F3-9400-6260B19A26D9}.Debug|x86.ActiveCfg = Debug|Any CPU
		{FFD49991-EC29-48F3-9400-6260B19A26D9}.Debug|x86.Build.0 = Debug|Any CPU
		{FFD49991-EC29-48F3-9400-6260B19A26D9}.Release|Any CPU.ActiveCfg = Release|Any CPU
		{FFD49991-EC29-48F3-9400-6260B19A26D9}.Release|Any CPU.Build.0 = Release|Any CPU
		{FFD49991-EC29-48F3-9400-6260B19A26D9}.Release|x64.ActiveCfg = Release|Any CPU
		{FFD49991-EC29-48F3-9400-6260B19A26D9}.Release|x64.Build.0 = Release|Any CPU
		{FFD49991-EC29-48F3-9400-6260B19A26D9}.Release|x86.ActiveCfg = Release|Any CPU
		{FFD49991-EC29-48F3-9400-6260B19A26D9}.Release|x86.Build.0 = Release|Any CPU
		{DD4839C3-2021-43D5-ADA5-3894E0694FF1}.Debug|Any CPU.ActiveCfg = Debug|Any CPU
		{DD4839C3-2021-43D5-ADA5-3894E0694FF1}.Debug|Any CPU.Build.0 = Debug|Any CPU
		{DD4839C3-2021-43D5-ADA5-3894E0694FF1}.Debug|x64.ActiveCfg = Debug|Any CPU
		{DD4839C3-2021-43D5-ADA5-3894E0694FF1}.Debug|x64.Build.0 = Debug|Any CPU
		{DD4839C3-2021-43D5-ADA5-3894E0694FF1}.Debug|x86.ActiveCfg = Debug|Any CPU
		{DD4839C3-2021-43D5-ADA5-3894E0694FF1}.Debug|x86.Build.0 = Debug|Any CPU
		{DD4839C3-2021-43D5-ADA5-3894E0694FF1}.Release|Any CPU.ActiveCfg = Release|Any CPU
		{DD4839C3-2021-43D5-ADA5-3894E0694FF1}.Release|Any CPU.Build.0 = Release|Any CPU
		{DD4839C3-2021-43D5-ADA5-3894E0694FF1}.Release|x64.ActiveCfg = Release|Any CPU
		{DD4839C3-2021-43D5-ADA5-3894E0694FF1}.Release|x64.Build.0 = Release|Any CPU
		{DD4839C3-2021-43D5-ADA5-3894E0694FF1}.Release|x86.ActiveCfg = Release|Any CPU
		{DD4839C3-2021-43D5-ADA5-3894E0694FF1}.Release|x86.Build.0 = Release|Any CPU
		{F92DC4E5-5F8E-4AF0-88A4-A535F07E4A50}.Debug|Any CPU.ActiveCfg = Debug|Any CPU
		{F92DC4E5-5F8E-4AF0-88A4-A535F07E4A50}.Debug|Any CPU.Build.0 = Debug|Any CPU
		{F92DC4E5-5F8E-4AF0-88A4-A535F07E4A50}.Debug|x64.ActiveCfg = Debug|Any CPU
		{F92DC4E5-5F8E-4AF0-88A4-A535F07E4A50}.Debug|x64.Build.0 = Debug|Any CPU
		{F92DC4E5-5F8E-4AF0-88A4-A535F07E4A50}.Debug|x86.ActiveCfg = Debug|Any CPU
		{F92DC4E5-5F8E-4AF0-88A4-A535F07E4A50}.Debug|x86.Build.0 = Debug|Any CPU
		{F92DC4E5-5F8E-4AF0-88A4-A535F07E4A50}.Release|Any CPU.ActiveCfg = Release|Any CPU
		{F92DC4E5-5F8E-4AF0-88A4-A535F07E4A50}.Release|Any CPU.Build.0 = Release|Any CPU
		{F92DC4E5-5F8E-4AF0-88A4-A535F07E4A50}.Release|x64.ActiveCfg = Release|Any CPU
		{F92DC4E5-5F8E-4AF0-88A4-A535F07E4A50}.Release|x64.Build.0 = Release|Any CPU
		{F92DC4E5-5F8E-4AF0-88A4-A535F07E4A50}.Release|x86.ActiveCfg = Release|Any CPU
		{F92DC4E5-5F8E-4AF0-88A4-A535F07E4A50}.Release|x86.Build.0 = Release|Any CPU
	EndGlobalSection
	GlobalSection(SolutionProperties) = preSolution
		HideSolutionNode = FALSE
	EndGlobalSection
	GlobalSection(NestedProjects) = preSolution
		{2A568A67-4911-4BFD-B112-1B09253B42F1} = {11189388-1C21-49B7-B232-A35714953484}
		{80E9918A-8CF7-4B47-8F05-72CE7E97A80C} = {86F79F6F-A241-4878-B7B1-0855AB3A1787}
		{E83379B1-4BDD-48C9-965B-06B017C7DEA2} = {11189388-1C21-49B7-B232-A35714953484}
		{8835EBF6-45C1-4814-9A85-992759C09014} = {86F79F6F-A241-4878-B7B1-0855AB3A1787}
		{221B3B37-ACFB-4C04-9CA8-A83CB9DC1DA7} = {3938A33D-C902-48DD-BDF0-8DCD9BC39F54}
		{73EDDACC-3254-4E15-8EC3-508385E8F6CF} = {3938A33D-C902-48DD-BDF0-8DCD9BC39F54}
		{747B55AD-B517-4AEA-AE50-B170B75F6366} = {686AEDB1-C198-41F0-8051-6325B01ECBC8}
		{EE7C0799-6966-4799-B3EC-BC410CDCA94B} = {00DB2280-45C9-4AFB-8E3B-9888D24B9484}
		{686AEDB1-C198-41F0-8051-6325B01ECBC8} = {EE7C0799-6966-4799-B3EC-BC410CDCA94B}
		{AD218183-E250-44E8-91F3-00F26CB01A8B} = {00DB2280-45C9-4AFB-8E3B-9888D24B9484}
		{961981AD-4CFC-4EDC-9F4A-A9B6E2B869C8} = {AD218183-E250-44E8-91F3-00F26CB01A8B}
		{FFD49991-EC29-48F3-9400-6260B19A26D9} = {961981AD-4CFC-4EDC-9F4A-A9B6E2B869C8}
		{2AFA0E76-6531-4E86-B7CE-104BB6740780} = {00DB2280-45C9-4AFB-8E3B-9888D24B9484}
		{4ABA51FB-FD09-4321-AE88-6EC5713501F0} = {2AFA0E76-6531-4E86-B7CE-104BB6740780}
		{DD4839C3-2021-43D5-ADA5-3894E0694FF1} = {4ABA51FB-FD09-4321-AE88-6EC5713501F0}
		{63CDC92C-A580-47BF-82A0-5939131C1705} = {00DB2280-45C9-4AFB-8E3B-9888D24B9484}
		{83D64D0A-CECF-414C-87D0-F25B7D10A169} = {63CDC92C-A580-47BF-82A0-5939131C1705}
		{F92DC4E5-5F8E-4AF0-88A4-A535F07E4A50} = {83D64D0A-CECF-414C-87D0-F25B7D10A169}
	EndGlobalSection
	GlobalSection(ExtensibilityGlobals) = postSolution
		SolutionGuid = {C7CC50D9-3792-4107-BA7C-098AC6757297}
	EndGlobalSection
EndGlobal
