
Microsoft Visual Studio Solution File, Format Version 12.00
# Visual Studio Version 16
VisualStudioVersion = 16.0.30114.105
MinimumVisualStudioVersion = 10.0.40219.1
Project("{2150E333-8FDC-42A3-9474-1A3956D46DE8}") = "src", "src", "{11189388-1C21-49B7-B232-A35714953484}"
EndProject
Project("{2150E333-8FDC-42A3-9474-1A3956D46DE8}") = "test", "test", "{86F79F6F-A241-4878-B7B1-0855AB3A1787}"
EndProject
Project("{9A19103F-16F7-4668-BE54-9A1E7A4F7556}") = "Blockfrost.Api", "src\Blockfrost.Api\Blockfrost.Api.csproj", "{2A568A67-4911-4BFD-B112-1B09253B42F1}"
EndProject
Project("{9A19103F-16F7-4668-BE54-9A1E7A4F7556}") = "Blockfrost.Api.Tests", "test\Blockfrost.Api.Tests\Blockfrost.Api.Tests.csproj", "{80E9918A-8CF7-4B47-8F05-72CE7E97A80C}"
EndProject
Project("{2150E333-8FDC-42A3-9474-1A3956D46DE8}") = "Solution Items", "Solution Items", "{7715B8ED-C263-4F2C-B7E7-BFBA48AD693C}"
	ProjectSection(SolutionItems) = preProject
		.editorconfig = .editorconfig
		.gitignore = .gitignore
		Directory.Build.props = Directory.Build.props
		LICENSE = LICENSE
		openapi.0.1.25.json = openapi.0.1.25.json
		README.md = README.md
	EndProjectSection
EndProject
Project("{9A19103F-16F7-4668-BE54-9A1E7A4F7556}") = "Blockfrost.Cli", "src\Blockfrost.Cli\Blockfrost.Cli.csproj", "{E83379B1-4BDD-48C9-965B-06B017C7DEA2}"
EndProject
Project("{9A19103F-16F7-4668-BE54-9A1E7A4F7556}") = "Blockfrost.Cli.Tests", "test\Blockfrost.Cli.Tests\Blockfrost.Cli.Tests.csproj", "{8835EBF6-45C1-4814-9A85-992759C09014}"
EndProject
Project("{2150E333-8FDC-42A3-9474-1A3956D46DE8}") = "oas", "oas", "{3938A33D-C902-48DD-BDF0-8DCD9BC39F54}"
EndProject
Project("{2150E333-8FDC-42A3-9474-1A3956D46DE8}") = "0.1.25", "0.1.25", "{221B3B37-ACFB-4C04-9CA8-A83CB9DC1DA7}"
	ProjectSection(SolutionItems) = preProject
		oas\0.1.25\swagger.json = oas\0.1.25\swagger.json
	EndProjectSection
EndProject
Project("{2150E333-8FDC-42A3-9474-1A3956D46DE8}") = "0.1.26", "0.1.26", "{73EDDACC-3254-4E15-8EC3-508385E8F6CF}"
	ProjectSection(SolutionItems) = preProject
		oas\0.1.26\swagger.json = oas\0.1.26\swagger.json
	EndProjectSection
	ProjectSection(FolderGlobals) = preProject
		C_5_4dev_4blockfrost_4blockfrost-dotnet_4oas_40_11_126_4swagger_1json__JsonSchema = https://raw.githubusercontent.com/OAI/OpenAPI-Specification/main/schemas/v3.0/schema.json
	EndProjectSection
EndProject
Project("{9A19103F-16F7-4668-BE54-9A1E7A4F7556}") = "Blockfrost.Console.Test", "test\Blockfrost.Console.Test\Blockfrost.Console.Test.csproj", "{0F342CA9-A191-47F7-BF64-A0EB14D4E746}"
EndProject
Project("{2150E333-8FDC-42A3-9474-1A3956D46DE8}") = "tools", "tools", "{FCE1E925-8AB6-4E18-9E74-20AE53414A8B}"
EndProject
Project("{9A19103F-16F7-4668-BE54-9A1E7A4F7556}") = "Blockfrost.Api.Generate", "tools\Blockfrost.Api.Generate\Blockfrost.Api.Generate.csproj", "{AB571829-7B88-4BFD-B95C-B0DA80366890}"
EndProject
Project("{2150E333-8FDC-42A3-9474-1A3956D46DE8}") = "0.1.27", "0.1.27", "{3D67EBE3-651F-45A1-B2FC-7204D5C296A6}"
	ProjectSection(SolutionItems) = preProject
		oas\0.1.27\swagger.yaml = oas\0.1.27\swagger.yaml
	EndProjectSection
EndProject
Global
	GlobalSection(SolutionConfigurationPlatforms) = preSolution
		Debug|Any CPU = Debug|Any CPU
		Debug|x64 = Debug|x64
		Debug|x86 = Debug|x86
		Release|Any CPU = Release|Any CPU
		Release|x64 = Release|x64
		Release|x86 = Release|x86
	EndGlobalSection
	GlobalSection(ProjectConfigurationPlatforms) = postSolution
		{2A568A67-4911-4BFD-B112-1B09253B42F1}.Debug|Any CPU.ActiveCfg = Debug|Any CPU
		{2A568A67-4911-4BFD-B112-1B09253B42F1}.Debug|Any CPU.Build.0 = Debug|Any CPU
		{2A568A67-4911-4BFD-B112-1B09253B42F1}.Debug|x64.ActiveCfg = Debug|Any CPU
		{2A568A67-4911-4BFD-B112-1B09253B42F1}.Debug|x64.Build.0 = Debug|Any CPU
		{2A568A67-4911-4BFD-B112-1B09253B42F1}.Debug|x86.ActiveCfg = Debug|Any CPU
		{2A568A67-4911-4BFD-B112-1B09253B42F1}.Debug|x86.Build.0 = Debug|Any CPU
		{2A568A67-4911-4BFD-B112-1B09253B42F1}.Release|Any CPU.ActiveCfg = Release|Any CPU
		{2A568A67-4911-4BFD-B112-1B09253B42F1}.Release|Any CPU.Build.0 = Release|Any CPU
		{2A568A67-4911-4BFD-B112-1B09253B42F1}.Release|x64.ActiveCfg = Release|Any CPU
		{2A568A67-4911-4BFD-B112-1B09253B42F1}.Release|x64.Build.0 = Release|Any CPU
		{2A568A67-4911-4BFD-B112-1B09253B42F1}.Release|x86.ActiveCfg = Release|Any CPU
		{2A568A67-4911-4BFD-B112-1B09253B42F1}.Release|x86.Build.0 = Release|Any CPU
		{80E9918A-8CF7-4B47-8F05-72CE7E97A80C}.Debug|Any CPU.ActiveCfg = Debug|Any CPU
		{80E9918A-8CF7-4B47-8F05-72CE7E97A80C}.Debug|Any CPU.Build.0 = Debug|Any CPU
		{80E9918A-8CF7-4B47-8F05-72CE7E97A80C}.Debug|x64.ActiveCfg = Debug|Any CPU
		{80E9918A-8CF7-4B47-8F05-72CE7E97A80C}.Debug|x64.Build.0 = Debug|Any CPU
		{80E9918A-8CF7-4B47-8F05-72CE7E97A80C}.Debug|x86.ActiveCfg = Debug|Any CPU
		{80E9918A-8CF7-4B47-8F05-72CE7E97A80C}.Debug|x86.Build.0 = Debug|Any CPU
		{80E9918A-8CF7-4B47-8F05-72CE7E97A80C}.Release|Any CPU.ActiveCfg = Release|Any CPU
		{80E9918A-8CF7-4B47-8F05-72CE7E97A80C}.Release|Any CPU.Build.0 = Release|Any CPU
		{80E9918A-8CF7-4B47-8F05-72CE7E97A80C}.Release|x64.ActiveCfg = Release|Any CPU
		{80E9918A-8CF7-4B47-8F05-72CE7E97A80C}.Release|x64.Build.0 = Release|Any CPU
		{80E9918A-8CF7-4B47-8F05-72CE7E97A80C}.Release|x86.ActiveCfg = Release|Any CPU
		{80E9918A-8CF7-4B47-8F05-72CE7E97A80C}.Release|x86.Build.0 = Release|Any CPU
		{E83379B1-4BDD-48C9-965B-06B017C7DEA2}.Debug|Any CPU.ActiveCfg = Debug|Any CPU
		{E83379B1-4BDD-48C9-965B-06B017C7DEA2}.Debug|Any CPU.Build.0 = Debug|Any CPU
		{E83379B1-4BDD-48C9-965B-06B017C7DEA2}.Debug|x64.ActiveCfg = Debug|Any CPU
		{E83379B1-4BDD-48C9-965B-06B017C7DEA2}.Debug|x64.Build.0 = Debug|Any CPU
		{E83379B1-4BDD-48C9-965B-06B017C7DEA2}.Debug|x86.ActiveCfg = Debug|Any CPU
		{E83379B1-4BDD-48C9-965B-06B017C7DEA2}.Debug|x86.Build.0 = Debug|Any CPU
		{E83379B1-4BDD-48C9-965B-06B017C7DEA2}.Release|Any CPU.ActiveCfg = Release|Any CPU
		{E83379B1-4BDD-48C9-965B-06B017C7DEA2}.Release|Any CPU.Build.0 = Release|Any CPU
		{E83379B1-4BDD-48C9-965B-06B017C7DEA2}.Release|x64.ActiveCfg = Release|Any CPU
		{E83379B1-4BDD-48C9-965B-06B017C7DEA2}.Release|x64.Build.0 = Release|Any CPU
		{E83379B1-4BDD-48C9-965B-06B017C7DEA2}.Release|x86.ActiveCfg = Release|Any CPU
		{E83379B1-4BDD-48C9-965B-06B017C7DEA2}.Release|x86.Build.0 = Release|Any CPU
		{8835EBF6-45C1-4814-9A85-992759C09014}.Debug|Any CPU.ActiveCfg = Debug|Any CPU
		{8835EBF6-45C1-4814-9A85-992759C09014}.Debug|Any CPU.Build.0 = Debug|Any CPU
		{8835EBF6-45C1-4814-9A85-992759C09014}.Debug|x64.ActiveCfg = Debug|Any CPU
		{8835EBF6-45C1-4814-9A85-992759C09014}.Debug|x64.Build.0 = Debug|Any CPU
		{8835EBF6-45C1-4814-9A85-992759C09014}.Debug|x86.ActiveCfg = Debug|Any CPU
		{8835EBF6-45C1-4814-9A85-992759C09014}.Debug|x86.Build.0 = Debug|Any CPU
		{8835EBF6-45C1-4814-9A85-992759C09014}.Release|Any CPU.ActiveCfg = Release|Any CPU
		{8835EBF6-45C1-4814-9A85-992759C09014}.Release|Any CPU.Build.0 = Release|Any CPU
		{8835EBF6-45C1-4814-9A85-992759C09014}.Release|x64.ActiveCfg = Release|Any CPU
		{8835EBF6-45C1-4814-9A85-992759C09014}.Release|x64.Build.0 = Release|Any CPU
		{8835EBF6-45C1-4814-9A85-992759C09014}.Release|x86.ActiveCfg = Release|Any CPU
		{8835EBF6-45C1-4814-9A85-992759C09014}.Release|x86.Build.0 = Release|Any CPU
		{0F342CA9-A191-47F7-BF64-A0EB14D4E746}.Debug|Any CPU.ActiveCfg = Debug|Any CPU
		{0F342CA9-A191-47F7-BF64-A0EB14D4E746}.Debug|Any CPU.Build.0 = Debug|Any CPU
		{0F342CA9-A191-47F7-BF64-A0EB14D4E746}.Debug|x64.ActiveCfg = Debug|Any CPU
		{0F342CA9-A191-47F7-BF64-A0EB14D4E746}.Debug|x64.Build.0 = Debug|Any CPU
		{0F342CA9-A191-47F7-BF64-A0EB14D4E746}.Debug|x86.ActiveCfg = Debug|Any CPU
		{0F342CA9-A191-47F7-BF64-A0EB14D4E746}.Debug|x86.Build.0 = Debug|Any CPU
		{0F342CA9-A191-47F7-BF64-A0EB14D4E746}.Release|Any CPU.ActiveCfg = Release|Any CPU
		{0F342CA9-A191-47F7-BF64-A0EB14D4E746}.Release|Any CPU.Build.0 = Release|Any CPU
		{0F342CA9-A191-47F7-BF64-A0EB14D4E746}.Release|x64.ActiveCfg = Release|Any CPU
		{0F342CA9-A191-47F7-BF64-A0EB14D4E746}.Release|x64.Build.0 = Release|Any CPU
		{0F342CA9-A191-47F7-BF64-A0EB14D4E746}.Release|x86.ActiveCfg = Release|Any CPU
		{0F342CA9-A191-47F7-BF64-A0EB14D4E746}.Release|x86.Build.0 = Release|Any CPU
		{AB571829-7B88-4BFD-B95C-B0DA80366890}.Debug|Any CPU.ActiveCfg = Debug|Any CPU
		{AB571829-7B88-4BFD-B95C-B0DA80366890}.Debug|Any CPU.Build.0 = Debug|Any CPU
		{AB571829-7B88-4BFD-B95C-B0DA80366890}.Debug|x64.ActiveCfg = Debug|Any CPU
		{AB571829-7B88-4BFD-B95C-B0DA80366890}.Debug|x64.Build.0 = Debug|Any CPU
		{AB571829-7B88-4BFD-B95C-B0DA80366890}.Debug|x86.ActiveCfg = Debug|Any CPU
		{AB571829-7B88-4BFD-B95C-B0DA80366890}.Debug|x86.Build.0 = Debug|Any CPU
		{AB571829-7B88-4BFD-B95C-B0DA80366890}.Release|Any CPU.ActiveCfg = Release|Any CPU
		{AB571829-7B88-4BFD-B95C-B0DA80366890}.Release|Any CPU.Build.0 = Release|Any CPU
		{AB571829-7B88-4BFD-B95C-B0DA80366890}.Release|x64.ActiveCfg = Release|Any CPU
		{AB571829-7B88-4BFD-B95C-B0DA80366890}.Release|x64.Build.0 = Release|Any CPU
		{AB571829-7B88-4BFD-B95C-B0DA80366890}.Release|x86.ActiveCfg = Release|Any CPU
		{AB571829-7B88-4BFD-B95C-B0DA80366890}.Release|x86.Build.0 = Release|Any CPU
	EndGlobalSection
	GlobalSection(SolutionProperties) = preSolution
		HideSolutionNode = FALSE
	EndGlobalSection
	GlobalSection(NestedProjects) = preSolution
		{2A568A67-4911-4BFD-B112-1B09253B42F1} = {11189388-1C21-49B7-B232-A35714953484}
		{80E9918A-8CF7-4B47-8F05-72CE7E97A80C} = {86F79F6F-A241-4878-B7B1-0855AB3A1787}
		{E83379B1-4BDD-48C9-965B-06B017C7DEA2} = {11189388-1C21-49B7-B232-A35714953484}
		{8835EBF6-45C1-4814-9A85-992759C09014} = {86F79F6F-A241-4878-B7B1-0855AB3A1787}
		{221B3B37-ACFB-4C04-9CA8-A83CB9DC1DA7} = {3938A33D-C902-48DD-BDF0-8DCD9BC39F54}
		{73EDDACC-3254-4E15-8EC3-508385E8F6CF} = {3938A33D-C902-48DD-BDF0-8DCD9BC39F54}
		{0F342CA9-A191-47F7-BF64-A0EB14D4E746} = {11189388-1C21-49B7-B232-A35714953484}
		{AB571829-7B88-4BFD-B95C-B0DA80366890} = {FCE1E925-8AB6-4E18-9E74-20AE53414A8B}
		{3D67EBE3-651F-45A1-B2FC-7204D5C296A6} = {3938A33D-C902-48DD-BDF0-8DCD9BC39F54}
	EndGlobalSection
	GlobalSection(ExtensibilityGlobals) = postSolution
		SolutionGuid = {C7CC50D9-3792-4107-BA7C-098AC6757297}
	EndGlobalSection
EndGlobal
