
Microsoft Visual Studio Solution File, Format Version 12.00
# Visual Studio Version 16
VisualStudioVersion = 16.0.30114.105
MinimumVisualStudioVersion = 10.0.40219.1
Project("{9A19103F-16F7-4668-BE54-9A1E7A4F7556}") = "ConsoleApp1", "netstandard21\console\ConsoleApp1\ConsoleApp1.csproj", "{3D00FA8D-E073-4935-8117-C2B44B5D9CF6}"
EndProject
Project("{2150E333-8FDC-42A3-9474-1A3956D46DE8}") = "netstandard21", "netstandard21", "{06A4341B-B4A0-4D84-A5F9-CFB1A2EE2232}"
EndProject
Project("{9A19103F-16F7-4668-BE54-9A1E7A4F7556}") = "ConsoleApp1", "netcore31\console\ConsoleApp1\ConsoleApp1.csproj", "{2667F531-5ABC-4FBF-B482-5047B9EDC2EA}"
EndProject
Project("{2150E333-8FDC-42A3-9474-1A3956D46DE8}") = "netcore31", "netcore31", "{0E65D5EA-FBBE-4007-B2DC-4BCB3176AD78}"
EndProject
Project("{2150E333-8FDC-42A3-9474-1A3956D46DE8}") = "netstandard20", "netstandard20", "{3DDB4AE1-0D3A-4883-AAB2-FC9DDD60FAD1}"
EndProject
Project("{9A19103F-16F7-4668-BE54-9A1E7A4F7556}") = "lib", "netstandard20\lib\lib.csproj", "{063DA81E-4C0D-4DF4-9E68-D10758F3CCB6}"
EndProject
Project("{2150E333-8FDC-42A3-9474-1A3956D46DE8}") = "net5", "net5", "{932CEC78-4C1C-4C60-A513-0FAFFBE736ED}"
EndProject
Project("{9A19103F-16F7-4668-BE54-9A1E7A4F7556}") = "ConsoleApp2", "net5\ConsoleApp2\ConsoleApp2.csproj", "{043493AB-CB6B-4A2E-97FA-245B57512068}"
EndProject
Project("{9A19103F-16F7-4668-BE54-9A1E7A4F7556}") = "ConsoleApp1", "net5\ConsoleApp1\ConsoleApp1.csproj", "{0E102E56-2529-41D4-8327-2CAC963367E7}"
EndProject
Project("{2150E333-8FDC-42A3-9474-1A3956D46DE8}") = "Solution Items", "Solution Items", "{89E6885B-D709-43D7-A0A7-90395F75B7C8}"
	ProjectSection(SolutionItems) = preProject
		switcher.json = switcher.json
	EndProjectSection
EndProject
Project("{9A19103F-16F7-4668-BE54-9A1E7A4F7556}") = "BlockfrostWithAzure", "net5\BlockfrostWithAzure\BlockfrostWithAzure.csproj", "{ED16C384-A0CE-46FB-A487-6B27E6AC7B38}"
EndProject
Project("{FAE04EC0-301F-11D3-BF4B-00C04F79EFBC}") = "ConsoleApp3", "net5\ConsoleApp3\ConsoleApp3.csproj", "{407DB107-7626-4B5C-8A96-60C2D0984975}"
EndProject
Global
	GlobalSection(SolutionConfigurationPlatforms) = preSolution
		Debug|Any CPU = Debug|Any CPU
		Debug|x64 = Debug|x64
		Debug|x86 = Debug|x86
		Release|Any CPU = Release|Any CPU
		Release|x64 = Release|x64
		Release|x86 = Release|x86
	EndGlobalSection
	GlobalSection(ProjectConfigurationPlatforms) = postSolution
		{3D00FA8D-E073-4935-8117-C2B44B5D9CF6}.Debug|Any CPU.ActiveCfg = Debug|Any CPU
		{3D00FA8D-E073-4935-8117-C2B44B5D9CF6}.Debug|Any CPU.Build.0 = Debug|Any CPU
		{3D00FA8D-E073-4935-8117-C2B44B5D9CF6}.Debug|x64.ActiveCfg = Debug|Any CPU
		{3D00FA8D-E073-4935-8117-C2B44B5D9CF6}.Debug|x64.Build.0 = Debug|Any CPU
		{3D00FA8D-E073-4935-8117-C2B44B5D9CF6}.Debug|x86.ActiveCfg = Debug|Any CPU
		{3D00FA8D-E073-4935-8117-C2B44B5D9CF6}.Debug|x86.Build.0 = Debug|Any CPU
		{3D00FA8D-E073-4935-8117-C2B44B5D9CF6}.Release|Any CPU.ActiveCfg = Release|Any CPU
		{3D00FA8D-E073-4935-8117-C2B44B5D9CF6}.Release|Any CPU.Build.0 = Release|Any CPU
		{3D00FA8D-E073-4935-8117-C2B44B5D9CF6}.Release|x64.ActiveCfg = Release|Any CPU
		{3D00FA8D-E073-4935-8117-C2B44B5D9CF6}.Release|x64.Build.0 = Release|Any CPU
		{3D00FA8D-E073-4935-8117-C2B44B5D9CF6}.Release|x86.ActiveCfg = Release|Any CPU
		{3D00FA8D-E073-4935-8117-C2B44B5D9CF6}.Release|x86.Build.0 = Release|Any CPU
		{2667F531-5ABC-4FBF-B482-5047B9EDC2EA}.Debug|Any CPU.ActiveCfg = Debug|Any CPU
		{2667F531-5ABC-4FBF-B482-5047B9EDC2EA}.Debug|Any CPU.Build.0 = Debug|Any CPU
		{2667F531-5ABC-4FBF-B482-5047B9EDC2EA}.Debug|x64.ActiveCfg = Debug|Any CPU
		{2667F531-5ABC-4FBF-B482-5047B9EDC2EA}.Debug|x64.Build.0 = Debug|Any CPU
		{2667F531-5ABC-4FBF-B482-5047B9EDC2EA}.Debug|x86.ActiveCfg = Debug|Any CPU
		{2667F531-5ABC-4FBF-B482-5047B9EDC2EA}.Debug|x86.Build.0 = Debug|Any CPU
		{2667F531-5ABC-4FBF-B482-5047B9EDC2EA}.Release|Any CPU.ActiveCfg = Release|Any CPU
		{2667F531-5ABC-4FBF-B482-5047B9EDC2EA}.Release|Any CPU.Build.0 = Release|Any CPU
		{2667F531-5ABC-4FBF-B482-5047B9EDC2EA}.Release|x64.ActiveCfg = Release|Any CPU
		{2667F531-5ABC-4FBF-B482-5047B9EDC2EA}.Release|x64.Build.0 = Release|Any CPU
		{2667F531-5ABC-4FBF-B482-5047B9EDC2EA}.Release|x86.ActiveCfg = Release|Any CPU
		{2667F531-5ABC-4FBF-B482-5047B9EDC2EA}.Release|x86.Build.0 = Release|Any CPU
		{063DA81E-4C0D-4DF4-9E68-D10758F3CCB6}.Debug|Any CPU.ActiveCfg = Debug|Any CPU
		{063DA81E-4C0D-4DF4-9E68-D10758F3CCB6}.Debug|Any CPU.Build.0 = Debug|Any CPU
		{063DA81E-4C0D-4DF4-9E68-D10758F3CCB6}.Debug|x64.ActiveCfg = Debug|Any CPU
		{063DA81E-4C0D-4DF4-9E68-D10758F3CCB6}.Debug|x64.Build.0 = Debug|Any CPU
		{063DA81E-4C0D-4DF4-9E68-D10758F3CCB6}.Debug|x86.ActiveCfg = Debug|Any CPU
		{063DA81E-4C0D-4DF4-9E68-D10758F3CCB6}.Debug|x86.Build.0 = Debug|Any CPU
		{063DA81E-4C0D-4DF4-9E68-D10758F3CCB6}.Release|Any CPU.ActiveCfg = Release|Any CPU
		{063DA81E-4C0D-4DF4-9E68-D10758F3CCB6}.Release|Any CPU.Build.0 = Release|Any CPU
		{063DA81E-4C0D-4DF4-9E68-D10758F3CCB6}.Release|x64.ActiveCfg = Release|Any CPU
		{063DA81E-4C0D-4DF4-9E68-D10758F3CCB6}.Release|x64.Build.0 = Release|Any CPU
		{063DA81E-4C0D-4DF4-9E68-D10758F3CCB6}.Release|x86.ActiveCfg = Release|Any CPU
		{063DA81E-4C0D-4DF4-9E68-D10758F3CCB6}.Release|x86.Build.0 = Release|Any CPU
		{043493AB-CB6B-4A2E-97FA-245B57512068}.Debug|Any CPU.ActiveCfg = Debug|Any CPU
		{043493AB-CB6B-4A2E-97FA-245B57512068}.Debug|Any CPU.Build.0 = Debug|Any CPU
		{043493AB-CB6B-4A2E-97FA-245B57512068}.Debug|x64.ActiveCfg = Debug|Any CPU
		{043493AB-CB6B-4A2E-97FA-245B57512068}.Debug|x64.Build.0 = Debug|Any CPU
		{043493AB-CB6B-4A2E-97FA-245B57512068}.Debug|x86.ActiveCfg = Debug|Any CPU
		{043493AB-CB6B-4A2E-97FA-245B57512068}.Debug|x86.Build.0 = Debug|Any CPU
		{043493AB-CB6B-4A2E-97FA-245B57512068}.Release|Any CPU.ActiveCfg = Release|Any CPU
		{043493AB-CB6B-4A2E-97FA-245B57512068}.Release|Any CPU.Build.0 = Release|Any CPU
		{043493AB-CB6B-4A2E-97FA-245B57512068}.Release|x64.ActiveCfg = Release|Any CPU
		{043493AB-CB6B-4A2E-97FA-245B57512068}.Release|x64.Build.0 = Release|Any CPU
		{043493AB-CB6B-4A2E-97FA-245B57512068}.Release|x86.ActiveCfg = Release|Any CPU
		{043493AB-CB6B-4A2E-97FA-245B57512068}.Release|x86.Build.0 = Release|Any CPU
		{0E102E56-2529-41D4-8327-2CAC963367E7}.Debug|Any CPU.ActiveCfg = Debug|Any CPU
		{0E102E56-2529-41D4-8327-2CAC963367E7}.Debug|Any CPU.Build.0 = Debug|Any CPU
		{0E102E56-2529-41D4-8327-2CAC963367E7}.Debug|x64.ActiveCfg = Debug|Any CPU
		{0E102E56-2529-41D4-8327-2CAC963367E7}.Debug|x64.Build.0 = Debug|Any CPU
		{0E102E56-2529-41D4-8327-2CAC963367E7}.Debug|x86.ActiveCfg = Debug|Any CPU
		{0E102E56-2529-41D4-8327-2CAC963367E7}.Debug|x86.Build.0 = Debug|Any CPU
		{0E102E56-2529-41D4-8327-2CAC963367E7}.Release|Any CPU.ActiveCfg = Release|Any CPU
		{0E102E56-2529-41D4-8327-2CAC963367E7}.Release|Any CPU.Build.0 = Release|Any CPU
		{0E102E56-2529-41D4-8327-2CAC963367E7}.Release|x64.ActiveCfg = Release|Any CPU
		{0E102E56-2529-41D4-8327-2CAC963367E7}.Release|x64.Build.0 = Release|Any CPU
		{0E102E56-2529-41D4-8327-2CAC963367E7}.Release|x86.ActiveCfg = Release|Any CPU
		{0E102E56-2529-41D4-8327-2CAC963367E7}.Release|x86.Build.0 = Release|Any CPU
		{ED16C384-A0CE-46FB-A487-6B27E6AC7B38}.Debug|Any CPU.ActiveCfg = Debug|Any CPU
		{ED16C384-A0CE-46FB-A487-6B27E6AC7B38}.Debug|Any CPU.Build.0 = Debug|Any CPU
		{ED16C384-A0CE-46FB-A487-6B27E6AC7B38}.Debug|x64.ActiveCfg = Debug|Any CPU
		{ED16C384-A0CE-46FB-A487-6B27E6AC7B38}.Debug|x64.Build.0 = Debug|Any CPU
		{ED16C384-A0CE-46FB-A487-6B27E6AC7B38}.Debug|x86.ActiveCfg = Debug|Any CPU
		{ED16C384-A0CE-46FB-A487-6B27E6AC7B38}.Debug|x86.Build.0 = Debug|Any CPU
		{ED16C384-A0CE-46FB-A487-6B27E6AC7B38}.Release|Any CPU.ActiveCfg = Release|Any CPU
		{ED16C384-A0CE-46FB-A487-6B27E6AC7B38}.Release|Any CPU.Build.0 = Release|Any CPU
		{ED16C384-A0CE-46FB-A487-6B27E6AC7B38}.Release|x64.ActiveCfg = Release|Any CPU
		{ED16C384-A0CE-46FB-A487-6B27E6AC7B38}.Release|x64.Build.0 = Release|Any CPU
		{ED16C384-A0CE-46FB-A487-6B27E6AC7B38}.Release|x86.ActiveCfg = Release|Any CPU
		{ED16C384-A0CE-46FB-A487-6B27E6AC7B38}.Release|x86.Build.0 = Release|Any CPU
		{407DB107-7626-4B5C-8A96-60C2D0984975}.Debug|Any CPU.ActiveCfg = Debug|Any CPU
		{407DB107-7626-4B5C-8A96-60C2D0984975}.Debug|Any CPU.Build.0 = Debug|Any CPU
		{407DB107-7626-4B5C-8A96-60C2D0984975}.Debug|x64.ActiveCfg = Debug|Any CPU
		{407DB107-7626-4B5C-8A96-60C2D0984975}.Debug|x64.Build.0 = Debug|Any CPU
		{407DB107-7626-4B5C-8A96-60C2D0984975}.Debug|x86.ActiveCfg = Debug|Any CPU
		{407DB107-7626-4B5C-8A96-60C2D0984975}.Debug|x86.Build.0 = Debug|Any CPU
		{407DB107-7626-4B5C-8A96-60C2D0984975}.Release|Any CPU.ActiveCfg = Release|Any CPU
		{407DB107-7626-4B5C-8A96-60C2D0984975}.Release|Any CPU.Build.0 = Release|Any CPU
		{407DB107-7626-4B5C-8A96-60C2D0984975}.Release|x64.ActiveCfg = Release|Any CPU
		{407DB107-7626-4B5C-8A96-60C2D0984975}.Release|x64.Build.0 = Release|Any CPU
		{407DB107-7626-4B5C-8A96-60C2D0984975}.Release|x86.ActiveCfg = Release|Any CPU
		{407DB107-7626-4B5C-8A96-60C2D0984975}.Release|x86.Build.0 = Release|Any CPU
	EndGlobalSection
	GlobalSection(SolutionProperties) = preSolution
		HideSolutionNode = FALSE
	EndGlobalSection
	GlobalSection(NestedProjects) = preSolution
		{3D00FA8D-E073-4935-8117-C2B44B5D9CF6} = {06A4341B-B4A0-4D84-A5F9-CFB1A2EE2232}
		{2667F531-5ABC-4FBF-B482-5047B9EDC2EA} = {0E65D5EA-FBBE-4007-B2DC-4BCB3176AD78}
		{063DA81E-4C0D-4DF4-9E68-D10758F3CCB6} = {3DDB4AE1-0D3A-4883-AAB2-FC9DDD60FAD1}
		{043493AB-CB6B-4A2E-97FA-245B57512068} = {932CEC78-4C1C-4C60-A513-0FAFFBE736ED}
		{0E102E56-2529-41D4-8327-2CAC963367E7} = {932CEC78-4C1C-4C60-A513-0FAFFBE736ED}
		{ED16C384-A0CE-46FB-A487-6B27E6AC7B38} = {932CEC78-4C1C-4C60-A513-0FAFFBE736ED}
		{407DB107-7626-4B5C-8A96-60C2D0984975} = {932CEC78-4C1C-4C60-A513-0FAFFBE736ED}
	EndGlobalSection
	GlobalSection(ExtensibilityGlobals) = postSolution
		SolutionGuid = {1712CD06-8E84-4B5F-BC51-F0DCAD33A545}
	EndGlobalSection
EndGlobal
