
Microsoft Visual Studio Solution File, Format Version 12.00
# Visual Studio Version 16
VisualStudioVersion = 16.0.30114.105
MinimumVisualStudioVersion = 10.0.40219.1
Project("{FAE04EC0-301F-11D3-BF4B-00C04F79EFBC}") = "Blockfrost.Api.Generate.Lib", "Blockfrost.Api.Generate.Lib\Blockfrost.Api.Generate.Lib.csproj", "{4ECE9AAA-2ACF-4A46-8317-96AE836FDF05}"
EndProject
Project("{FAE04EC0-301F-11D3-BF4B-00C04F79EFBC}") = "Blockfrost.Tools.Console", "Blockfrost.Tools.Console\Blockfrost.Tools.Console.csproj", "{36DDD974-D2EA-4EB8-9F71-35AD45154A83}"
EndProject
Global
	GlobalSection(SolutionConfigurationPlatforms) = preSolution
		Debug|Any CPU = Debug|Any CPU
		Debug|x64 = Debug|x64
		Debug|x86 = Debug|x86
		Release|Any CPU = Release|Any CPU
		Release|x64 = Release|x64
		Release|x86 = Release|x86
	EndGlobalSection
	GlobalSection(SolutionProperties) = preSolution
		HideSolutionNode = FALSE
	EndGlobalSection
	GlobalSection(ProjectConfigurationPlatforms) = postSolution
		{4ECE9AAA-2ACF-4A46-8317-96AE836FDF05}.Debug|Any CPU.ActiveCfg = Debug|Any CPU
		{4ECE9AAA-2ACF-4A46-8317-96AE836FDF05}.Debug|Any CPU.Build.0 = Debug|Any CPU
		{4ECE9AAA-2ACF-4A46-8317-96AE836FDF05}.Debug|x64.ActiveCfg = Debug|Any CPU
		{4ECE9AAA-2ACF-4A46-8317-96AE836FDF05}.Debug|x64.Build.0 = Debug|Any CPU
		{4ECE9AAA-2ACF-4A46-8317-96AE836FDF05}.Debug|x86.ActiveCfg = Debug|Any CPU
		{4ECE9AAA-2ACF-4A46-8317-96AE836FDF05}.Debug|x86.Build.0 = Debug|Any CPU
		{4ECE9AAA-2ACF-4A46-8317-96AE836FDF05}.Release|Any CPU.ActiveCfg = Release|Any CPU
		{4ECE9AAA-2ACF-4A46-8317-96AE836FDF05}.Release|Any CPU.Build.0 = Release|Any CPU
		{4ECE9AAA-2ACF-4A46-8317-96AE836FDF05}.Release|x64.ActiveCfg = Release|Any CPU
		{4ECE9AAA-2ACF-4A46-8317-96AE836FDF05}.Release|x64.Build.0 = Release|Any CPU
		{4ECE9AAA-2ACF-4A46-8317-96AE836FDF05}.Release|x86.ActiveCfg = Release|Any CPU
		{4ECE9AAA-2ACF-4A46-8317-96AE836FDF05}.Release|x86.Build.0 = Release|Any CPU
		{36DDD974-D2EA-4EB8-9F71-35AD45154A83}.Debug|Any CPU.ActiveCfg = Debug|Any CPU
		{36DDD974-D2EA-4EB8-9F71-35AD45154A83}.Debug|Any CPU.Build.0 = Debug|Any CPU
		{36DDD974-D2EA-4EB8-9F71-35AD45154A83}.Debug|x64.ActiveCfg = Debug|Any CPU
		{36DDD974-D2EA-4EB8-9F71-35AD45154A83}.Debug|x64.Build.0 = Debug|Any CPU
		{36DDD974-D2EA-4EB8-9F71-35AD45154A83}.Debug|x86.ActiveCfg = Debug|Any CPU
		{36DDD974-D2EA-4EB8-9F71-35AD45154A83}.Debug|x86.Build.0 = Debug|Any CPU
		{36DDD974-D2EA-4EB8-9F71-35AD45154A83}.Release|Any CPU.ActiveCfg = Release|Any CPU
		{36DDD974-D2EA-4EB8-9F71-35AD45154A83}.Release|Any CPU.Build.0 = Release|Any CPU
		{36DDD974-D2EA-4EB8-9F71-35AD45154A83}.Release|x64.ActiveCfg = Release|Any CPU
		{36DDD974-D2EA-4EB8-9F71-35AD45154A83}.Release|x64.Build.0 = Release|Any CPU
		{36DDD974-D2EA-4EB8-9F71-35AD45154A83}.Release|x86.ActiveCfg = Release|Any CPU
		{36DDD974-D2EA-4EB8-9F71-35AD45154A83}.Release|x86.Build.0 = Release|Any CPU
	EndGlobalSection
EndGlobal
